// !$*UTF8*$!
{
	archiveVersion = 1;
	classes = {
	};
	objectVersion = 56;
	objects = {

/* Begin PBXBuildFile section */
		23B8748E2B5A17BA00D19280 /* SignupViewController.swift in Sources */ = {isa = PBXBuildFile; fileRef = 23B8748D2B5A17BA00D19280 /* SignupViewController.swift */; };
		23B874902B5A2C7B00D19280 /* PlacesViewController.swift in Sources */ = {isa = PBXBuildFile; fileRef = 23B8748F2B5A2C7B00D19280 /* PlacesViewController.swift */; };
		23B874922B5A418500D19280 /* AddPlaceViewController.swift in Sources */ = {isa = PBXBuildFile; fileRef = 23B874912B5A418500D19280 /* AddPlaceViewController.swift */; };
		23B874942B5A435400D19280 /* MapViewController.swift in Sources */ = {isa = PBXBuildFile; fileRef = 23B874932B5A435400D19280 /* MapViewController.swift */; };
		23B874962B5A483700D19280 /* DetailsViewController.swift in Sources */ = {isa = PBXBuildFile; fileRef = 23B874952B5A483700D19280 /* DetailsViewController.swift */; };
		23B874982B5B105B00D19280 /* Place.swift in Sources */ = {isa = PBXBuildFile; fileRef = 23B874972B5B105B00D19280 /* Place.swift */; };
		23EA1BA72B5A00FA002B0046 /* AppDelegate.swift in Sources */ = {isa = PBXBuildFile; fileRef = 23EA1BA62B5A00FA002B0046 /* AppDelegate.swift */; };
		23EA1BA92B5A00FA002B0046 /* SceneDelegate.swift in Sources */ = {isa = PBXBuildFile; fileRef = 23EA1BA82B5A00FA002B0046 /* SceneDelegate.swift */; };
		23EA1BAB2B5A00FA002B0046 /* LoginViewController.swift in Sources */ = {isa = PBXBuildFile; fileRef = 23EA1BAA2B5A00FA002B0046 /* LoginViewController.swift */; };
		23EA1BAE2B5A00FA002B0046 /* Main.storyboard in Resources */ = {isa = PBXBuildFile; fileRef = 23EA1BAC2B5A00FA002B0046 /* Main.storyboard */; };
		23EA1BB02B5A00FC002B0046 /* Assets.xcassets in Resources */ = {isa = PBXBuildFile; fileRef = 23EA1BAF2B5A00FC002B0046 /* Assets.xcassets */; };
		23EA1BB32B5A00FC002B0046 /* LaunchScreen.storyboard in Resources */ = {isa = PBXBuildFile; fileRef = 23EA1BB12B5A00FC002B0046 /* LaunchScreen.storyboard */; };
		83BE515CBB5A47F9E42D71AE /* Pods_FoursquareClone_Parse_.framework in Frameworks */ = {isa = PBXBuildFile; fileRef = D747F29D70D631B26480E186 /* Pods_FoursquareClone_Parse_.framework */; };
/* End PBXBuildFile section */

/* Begin PBXFileReference section */
		0BB5273A11AD103530CFE150 /* Pods-FoursquareClone(Parse).debug.xcconfig */ = {isa = PBXFileReference; includeInIndex = 1; lastKnownFileType = text.xcconfig; name = "Pods-FoursquareClone(Parse).debug.xcconfig"; path = "Target Support Files/Pods-FoursquareClone(Parse)/Pods-FoursquareClone(Parse).debug.xcconfig"; sourceTree = "<group>"; };
		185AAA601E5E93AFED068050 /* Pods-FoursquareClone(Parse).release.xcconfig */ = {isa = PBXFileReference; includeInIndex = 1; lastKnownFileType = text.xcconfig; name = "Pods-FoursquareClone(Parse).release.xcconfig"; path = "Target Support Files/Pods-FoursquareClone(Parse)/Pods-FoursquareClone(Parse).release.xcconfig"; sourceTree = "<group>"; };
		23B8748D2B5A17BA00D19280 /* SignupViewController.swift */ = {isa = PBXFileReference; lastKnownFileType = sourcecode.swift; path = SignupViewController.swift; sourceTree = "<group>"; };
		23B8748F2B5A2C7B00D19280 /* PlacesViewController.swift */ = {isa = PBXFileReference; lastKnownFileType = sourcecode.swift; path = PlacesViewController.swift; sourceTree = "<group>"; };
		23B874912B5A418500D19280 /* AddPlaceViewController.swift */ = {isa = PBXFileReference; lastKnownFileType = sourcecode.swift; path = AddPlaceViewController.swift; sourceTree = "<group>"; };
		23B874932B5A435400D19280 /* MapViewController.swift */ = {isa = PBXFileReference; lastKnownFileType = sourcecode.swift; path = MapViewController.swift; sourceTree = "<group>"; };
		23B874952B5A483700D19280 /* DetailsViewController.swift */ = {isa = PBXFileReference; lastKnownFileType = sourcecode.swift; path = DetailsViewController.swift; sourceTree = "<group>"; };
		23B874972B5B105B00D19280 /* Place.swift */ = {isa = PBXFileReference; lastKnownFileType = sourcecode.swift; path = Place.swift; sourceTree = "<group>"; };
		23EA1BA32B5A00FA002B0046 /* FoursquareClone(Parse).app */ = {isa = PBXFileReference; explicitFileType = wrapper.application; includeInIndex = 0; path = "FoursquareClone(Parse).app"; sourceTree = BUILT_PRODUCTS_DIR; };
		23EA1BA62B5A00FA002B0046 /* AppDelegate.swift */ = {isa = PBXFileReference; lastKnownFileType = sourcecode.swift; path = AppDelegate.swift; sourceTree = "<group>"; };
		23EA1BA82B5A00FA002B0046 /* SceneDelegate.swift */ = {isa = PBXFileReference; lastKnownFileType = sourcecode.swift; path = SceneDelegate.swift; sourceTree = "<group>"; };
		23EA1BAA2B5A00FA002B0046 /* LoginViewController.swift */ = {isa = PBXFileReference; lastKnownFileType = sourcecode.swift; path = LoginViewController.swift; sourceTree = "<group>"; };
		23EA1BAD2B5A00FA002B0046 /* Base */ = {isa = PBXFileReference; lastKnownFileType = file.storyboard; name = Base; path = Base.lproj/Main.storyboard; sourceTree = "<group>"; };
		23EA1BAF2B5A00FC002B0046 /* Assets.xcassets */ = {isa = PBXFileReference; lastKnownFileType = folder.assetcatalog; path = Assets.xcassets; sourceTree = "<group>"; };
		23EA1BB22B5A00FC002B0046 /* Base */ = {isa = PBXFileReference; lastKnownFileType = file.storyboard; name = Base; path = Base.lproj/LaunchScreen.storyboard; sourceTree = "<group>"; };
		23EA1BB42B5A00FC002B0046 /* Info.plist */ = {isa = PBXFileReference; lastKnownFileType = text.plist.xml; path = Info.plist; sourceTree = "<group>"; };
		D747F29D70D631B26480E186 /* Pods_FoursquareClone_Parse_.framework */ = {isa = PBXFileReference; explicitFileType = wrapper.framework; includeInIndex = 0; path = Pods_FoursquareClone_Parse_.framework; sourceTree = BUILT_PRODUCTS_DIR; };
/* End PBXFileReference section */

/* Begin PBXFrameworksBuildPhase section */
		23EA1BA02B5A00FA002B0046 /* Frameworks */ = {
			isa = PBXFrameworksBuildPhase;
			buildActionMask = 2147483647;
			files = (
				83BE515CBB5A47F9E42D71AE /* Pods_FoursquareClone_Parse_.framework in Frameworks */,
			);
			runOnlyForDeploymentPostprocessing = 0;
		};
/* End PBXFrameworksBuildPhase section */

/* Begin PBXGroup section */
		23EA1B9A2B5A00FA002B0046 = {
			isa = PBXGroup;
			children = (
				23EA1BA52B5A00FA002B0046 /* FoursquareClone(Parse) */,
				23EA1BA42B5A00FA002B0046 /* Products */,
				706C2C7252E4D7E7064D1C41 /* Pods */,
				6BD58B4B21923D8C6229787A /* Frameworks */,
			);
			sourceTree = "<group>";
		};
		23EA1BA42B5A00FA002B0046 /* Products */ = {
			isa = PBXGroup;
			children = (
				23EA1BA32B5A00FA002B0046 /* FoursquareClone(Parse).app */,
			);
			name = Products;
			sourceTree = "<group>";
		};
		23EA1BA52B5A00FA002B0046 /* FoursquareClone(Parse) */ = {
			isa = PBXGroup;
			children = (
				23EA1BA62B5A00FA002B0046 /* AppDelegate.swift */,
				23EA1BA82B5A00FA002B0046 /* SceneDelegate.swift */,
				23B874972B5B105B00D19280 /* Place.swift */,
				23EA1BAA2B5A00FA002B0046 /* LoginViewController.swift */,
				23B8748D2B5A17BA00D19280 /* SignupViewController.swift */,
				23B8748F2B5A2C7B00D19280 /* PlacesViewController.swift */,
				23B874912B5A418500D19280 /* AddPlaceViewController.swift */,
				23B874932B5A435400D19280 /* MapViewController.swift */,
				23B874952B5A483700D19280 /* DetailsViewController.swift */,
				23EA1BAC2B5A00FA002B0046 /* Main.storyboard */,
				23EA1BAF2B5A00FC002B0046 /* Assets.xcassets */,
				23EA1BB12B5A00FC002B0046 /* LaunchScreen.storyboard */,
				23EA1BB42B5A00FC002B0046 /* Info.plist */,
			);
			path = "FoursquareClone(Parse)";
			sourceTree = "<group>";
		};
		6BD58B4B21923D8C6229787A /* Frameworks */ = {
			isa = PBXGroup;
			children = (
				D747F29D70D631B26480E186 /* Pods_FoursquareClone_Parse_.framework */,
			);
			name = Frameworks;
			sourceTree = "<group>";
		};
		706C2C7252E4D7E7064D1C41 /* Pods */ = {
			isa = PBXGroup;
			children = (
				0BB5273A11AD103530CFE150 /* Pods-FoursquareClone(Parse).debug.xcconfig */,
				185AAA601E5E93AFED068050 /* Pods-FoursquareClone(Parse).release.xcconfig */,
			);
			path = Pods;
			sourceTree = "<group>";
		};
/* End PBXGroup section */

/* Begin PBXNativeTarget section */
		23EA1BA22B5A00FA002B0046 /* FoursquareClone(Parse) */ = {
			isa = PBXNativeTarget;
			buildConfigurationList = 23EA1BB72B5A00FC002B0046 /* Build configuration list for PBXNativeTarget "FoursquareClone(Parse)" */;
			buildPhases = (
				89B1A88D23DFA2CE2133FE08 /* [CP] Check Pods Manifest.lock */,
				23EA1B9F2B5A00FA002B0046 /* Sources */,
				23EA1BA02B5A00FA002B0046 /* Frameworks */,
				23EA1BA12B5A00FA002B0046 /* Resources */,
				130570EAE5D1F4106F3DAFFD /* [CP] Embed Pods Frameworks */,
			);
			buildRules = (
			);
			dependencies = (
			);
			name = "FoursquareClone(Parse)";
			productName = "FoursquareClone(Parse)";
			productReference = 23EA1BA32B5A00FA002B0046 /* FoursquareClone(Parse).app */;
			productType = "com.apple.product-type.application";
		};
/* End PBXNativeTarget section */

/* Begin PBXProject section */
		23EA1B9B2B5A00FA002B0046 /* Project object */ = {
			isa = PBXProject;
			attributes = {
				BuildIndependentTargetsInParallel = 1;
				LastSwiftUpdateCheck = 1430;
				LastUpgradeCheck = 1430;
				TargetAttributes = {
					23EA1BA22B5A00FA002B0046 = {
						CreatedOnToolsVersion = 14.3.1;
					};
				};
			};
			buildConfigurationList = 23EA1B9E2B5A00FA002B0046 /* Build configuration list for PBXProject "FoursquareClone(Parse)" */;
			compatibilityVersion = "Xcode 14.0";
			developmentRegion = en;
			hasScannedForEncodings = 0;
			knownRegions = (
				en,
				Base,
			);
			mainGroup = 23EA1B9A2B5A00FA002B0046;
			productRefGroup = 23EA1BA42B5A00FA002B0046 /* Products */;
			projectDirPath = "";
			projectRoot = "";
			targets = (
				23EA1BA22B5A00FA002B0046 /* FoursquareClone(Parse) */,
			);
		};
/* End PBXProject section */

/* Begin PBXResourcesBuildPhase section */
		23EA1BA12B5A00FA002B0046 /* Resources */ = {
			isa = PBXResourcesBuildPhase;
			buildActionMask = 2147483647;
			files = (
				23EA1BB32B5A00FC002B0046 /* LaunchScreen.storyboard in Resources */,
				23EA1BB02B5A00FC002B0046 /* Assets.xcassets in Resources */,
				23EA1BAE2B5A00FA002B0046 /* Main.storyboard in Resources */,
			);
			runOnlyForDeploymentPostprocessing = 0;
		};
/* End PBXResourcesBuildPhase section */

/* Begin PBXShellScriptBuildPhase section */
		130570EAE5D1F4106F3DAFFD /* [CP] Embed Pods Frameworks */ = {
			isa = PBXShellScriptBuildPhase;
			buildActionMask = 2147483647;
			files = (
			);
			inputFileListPaths = (
				"${PODS_ROOT}/Target Support Files/Pods-FoursquareClone(Parse)/Pods-FoursquareClone(Parse)-frameworks-${CONFIGURATION}-input-files.xcfilelist",
			);
			name = "[CP] Embed Pods Frameworks";
			outputFileListPaths = (
				"${PODS_ROOT}/Target Support Files/Pods-FoursquareClone(Parse)/Pods-FoursquareClone(Parse)-frameworks-${CONFIGURATION}-output-files.xcfilelist",
			);
			runOnlyForDeploymentPostprocessing = 0;
			shellPath = /bin/sh;
			shellScript = "\"${PODS_ROOT}/Target Support Files/Pods-FoursquareClone(Parse)/Pods-FoursquareClone(Parse)-frameworks.sh\"\n";
			showEnvVarsInLog = 0;
		};
		89B1A88D23DFA2CE2133FE08 /* [CP] Check Pods Manifest.lock */ = {
			isa = PBXShellScriptBuildPhase;
			buildActionMask = 2147483647;
			files = (
			);
			inputFileListPaths = (
			);
			inputPaths = (
				"${PODS_PODFILE_DIR_PATH}/Podfile.lock",
				"${PODS_ROOT}/Manifest.lock",
			);
			name = "[CP] Check Pods Manifest.lock";
			outputFileListPaths = (
			);
			outputPaths = (
				"$(DERIVED_FILE_DIR)/Pods-FoursquareClone(Parse)-checkManifestLockResult.txt",
			);
			runOnlyForDeploymentPostprocessing = 0;
			shellPath = /bin/sh;
			shellScript = "diff \"${PODS_PODFILE_DIR_PATH}/Podfile.lock\" \"${PODS_ROOT}/Manifest.lock\" > /dev/null\nif [ $? != 0 ] ; then\n    # print error to STDERR\n    echo \"error: The sandbox is not in sync with the Podfile.lock. Run 'pod install' or update your CocoaPods installation.\" >&2\n    exit 1\nfi\n# This output is used by Xcode 'outputs' to avoid re-running this script phase.\necho \"SUCCESS\" > \"${SCRIPT_OUTPUT_FILE_0}\"\n";
			showEnvVarsInLog = 0;
		};
/* End PBXShellScriptBuildPhase section */

/* Begin PBXSourcesBuildPhase section */
		23EA1B9F2B5A00FA002B0046 /* Sources */ = {
			isa = PBXSourcesBuildPhase;
			buildActionMask = 2147483647;
			files = (
				23B874922B5A418500D19280 /* AddPlaceViewController.swift in Sources */,
				23EA1BAB2B5A00FA002B0046 /* LoginViewController.swift in Sources */,
				23EA1BA72B5A00FA002B0046 /* AppDelegate.swift in Sources */,
				23B874962B5A483700D19280 /* DetailsViewController.swift in Sources */,
				23B874902B5A2C7B00D19280 /* PlacesViewController.swift in Sources */,
				23B8748E2B5A17BA00D19280 /* SignupViewController.swift in Sources */,
				23B874982B5B105B00D19280 /* Place.swift in Sources */,
				23EA1BA92B5A00FA002B0046 /* SceneDelegate.swift in Sources */,
				23B874942B5A435400D19280 /* MapViewController.swift in Sources */,
			);
			runOnlyForDeploymentPostprocessing = 0;
		};
/* End PBXSourcesBuildPhase section */

/* Begin PBXVariantGroup section */
		23EA1BAC2B5A00FA002B0046 /* Main.storyboard */ = {
			isa = PBXVariantGroup;
			children = (
				23EA1BAD2B5A00FA002B0046 /* Base */,
			);
			name = Main.storyboard;
			sourceTree = "<group>";
		};
		23EA1BB12B5A00FC002B0046 /* LaunchScreen.storyboard */ = {
			isa = PBXVariantGroup;
			children = (
				23EA1BB22B5A00FC002B0046 /* Base */,
			);
			name = LaunchScreen.storyboard;
			sourceTree = "<group>";
		};
/* End PBXVariantGroup section */

/* Begin XCBuildConfiguration section */
		23EA1BB52B5A00FC002B0046 /* Debug */ = {
			isa = XCBuildConfiguration;
			buildSettings = {
				ALWAYS_SEARCH_USER_PATHS = NO;
				CLANG_ANALYZER_NONNULL = YES;
				CLANG_ANALYZER_NUMBER_OBJECT_CONVERSION = YES_AGGRESSIVE;
				CLANG_CXX_LANGUAGE_STANDARD = "gnu++20";
				CLANG_ENABLE_MODULES = YES;
				CLANG_ENABLE_OBJC_ARC = YES;
				CLANG_ENABLE_OBJC_WEAK = YES;
				CLANG_WARN_BLOCK_CAPTURE_AUTORELEASING = YES;
				CLANG_WARN_BOOL_CONVERSION = YES;
				CLANG_WARN_COMMA = YES;
				CLANG_WARN_CONSTANT_CONVERSION = YES;
				CLANG_WARN_DEPRECATED_OBJC_IMPLEMENTATIONS = YES;
				CLANG_WARN_DIRECT_OBJC_ISA_USAGE = YES_ERROR;
				CLANG_WARN_DOCUMENTATION_COMMENTS = YES;
				CLANG_WARN_EMPTY_BODY = YES;
				CLANG_WARN_ENUM_CONVERSION = YES;
				CLANG_WARN_INFINITE_RECURSION = YES;
				CLANG_WARN_INT_CONVERSION = YES;
				CLANG_WARN_NON_LITERAL_NULL_CONVERSION = YES;
				CLANG_WARN_OBJC_IMPLICIT_RETAIN_SELF = YES;
				CLANG_WARN_OBJC_LITERAL_CONVERSION = YES;
				CLANG_WARN_OBJC_ROOT_CLASS = YES_ERROR;
				CLANG_WARN_QUOTED_INCLUDE_IN_FRAMEWORK_HEADER = YES;
				CLANG_WARN_RANGE_LOOP_ANALYSIS = YES;
				CLANG_WARN_STRICT_PROTOTYPES = YES;
				CLANG_WARN_SUSPICIOUS_MOVE = YES;
				CLANG_WARN_UNGUARDED_AVAILABILITY = YES_AGGRESSIVE;
				CLANG_WARN_UNREACHABLE_CODE = YES;
				CLANG_WARN__DUPLICATE_METHOD_MATCH = YES;
				COPY_PHASE_STRIP = NO;
				DEBUG_INFORMATION_FORMAT = dwarf;
				ENABLE_STRICT_OBJC_MSGSEND = YES;
				ENABLE_TESTABILITY = YES;
				GCC_C_LANGUAGE_STANDARD = gnu11;
				GCC_DYNAMIC_NO_PIC = NO;
				GCC_NO_COMMON_BLOCKS = YES;
				GCC_OPTIMIZATION_LEVEL = 0;
				GCC_PREPROCESSOR_DEFINITIONS = (
					"DEBUG=1",
					"$(inherited)",
				);
				GCC_WARN_64_TO_32_BIT_CONVERSION = YES;
				GCC_WARN_ABOUT_RETURN_TYPE = YES_ERROR;
				GCC_WARN_UNDECLARED_SELECTOR = YES;
				GCC_WARN_UNINITIALIZED_AUTOS = YES_AGGRESSIVE;
				GCC_WARN_UNUSED_FUNCTION = YES;
				GCC_WARN_UNUSED_VARIABLE = YES;
				IPHONEOS_DEPLOYMENT_TARGET = 16.4;
				MTL_ENABLE_DEBUG_INFO = INCLUDE_SOURCE;
				MTL_FAST_MATH = YES;
				ONLY_ACTIVE_ARCH = YES;
				SDKROOT = iphoneos;
				SWIFT_ACTIVE_COMPILATION_CONDITIONS = DEBUG;
				SWIFT_OPTIMIZATION_LEVEL = "-Onone";
			};
			name = Debug;
		};
		23EA1BB62B5A00FC002B0046 /* Release */ = {
			isa = XCBuildConfiguration;
			buildSettings = {
				ALWAYS_SEARCH_USER_PATHS = NO;
				CLANG_ANALYZER_NONNULL = YES;
				CLANG_ANALYZER_NUMBER_OBJECT_CONVERSION = YES_AGGRESSIVE;
				CLANG_CXX_LANGUAGE_STANDARD = "gnu++20";
				CLANG_ENABLE_MODULES = YES;
				CLANG_ENABLE_OBJC_ARC = YES;
				CLANG_ENABLE_OBJC_WEAK = YES;
				CLANG_WARN_BLOCK_CAPTURE_AUTORELEASING = YES;
				CLANG_WARN_BOOL_CONVERSION = YES;
				CLANG_WARN_COMMA = YES;
				CLANG_WARN_CONSTANT_CONVERSION = YES;
				CLANG_WARN_DEPRECATED_OBJC_IMPLEMENTATIONS = YES;
				CLANG_WARN_DIRECT_OBJC_ISA_USAGE = YES_ERROR;
				CLANG_WARN_DOCUMENTATION_COMMENTS = YES;
				CLANG_WARN_EMPTY_BODY = YES;
				CLANG_WARN_ENUM_CONVERSION = YES;
				CLANG_WARN_INFINITE_RECURSION = YES;
				CLANG_WARN_INT_CONVERSION = YES;
				CLANG_WARN_NON_LITERAL_NULL_CONVERSION = YES;
				CLANG_WARN_OBJC_IMPLICIT_RETAIN_SELF = YES;
				CLANG_WARN_OBJC_LITERAL_CONVERSION = YES;
				CLANG_WARN_OBJC_ROOT_CLASS = YES_ERROR;
				CLANG_WARN_QUOTED_INCLUDE_IN_FRAMEWORK_HEADER = YES;
				CLANG_WARN_RANGE_LOOP_ANALYSIS = YES;
				CLANG_WARN_STRICT_PROTOTYPES = YES;
				CLANG_WARN_SUSPICIOUS_MOVE = YES;
				CLANG_WARN_UNGUARDED_AVAILABILITY = YES_AGGRESSIVE;
				CLANG_WARN_UNREACHABLE_CODE = YES;
				CLANG_WARN__DUPLICATE_METHOD_MATCH = YES;
				COPY_PHASE_STRIP = NO;
				DEBUG_INFORMATION_FORMAT = "dwarf-with-dsym";
				ENABLE_NS_ASSERTIONS = NO;
				ENABLE_STRICT_OBJC_MSGSEND = YES;
				GCC_C_LANGUAGE_STANDARD = gnu11;
				GCC_NO_COMMON_BLOCKS = YES;
				GCC_WARN_64_TO_32_BIT_CONVERSION = YES;
				GCC_WARN_ABOUT_RETURN_TYPE = YES_ERROR;
				GCC_WARN_UNDECLARED_SELECTOR = YES;
				GCC_WARN_UNINITIALIZED_AUTOS = YES_AGGRESSIVE;
				GCC_WARN_UNUSED_FUNCTION = YES;
				GCC_WARN_UNUSED_VARIABLE = YES;
				IPHONEOS_DEPLOYMENT_TARGET = 16.4;
				MTL_ENABLE_DEBUG_INFO = NO;
				MTL_FAST_MATH = YES;
				SDKROOT = iphoneos;
				SWIFT_COMPILATION_MODE = wholemodule;
				SWIFT_OPTIMIZATION_LEVEL = "-O";
				VALIDATE_PRODUCT = YES;
			};
			name = Release;
		};
		23EA1BB82B5A00FC002B0046 /* Debug */ = {
			isa = XCBuildConfiguration;
			baseConfigurationReference = 0BB5273A11AD103530CFE150 /* Pods-FoursquareClone(Parse).debug.xcconfig */;
			buildSettings = {
				ASSETCATALOG_COMPILER_APPICON_NAME = AppIcon;
				ASSETCATALOG_COMPILER_GLOBAL_ACCENT_COLOR_NAME = AccentColor;
				CODE_SIGN_STYLE = Automatic;
				CURRENT_PROJECT_VERSION = 1;
				DEVELOPMENT_TEAM = 3683BT2T9B;
				GENERATE_INFOPLIST_FILE = YES;
				INFOPLIST_FILE = "FoursquareClone(Parse)/Info.plist";
				INFOPLIST_KEY_UIApplicationSupportsIndirectInputEvents = YES;
				INFOPLIST_KEY_UILaunchStoryboardName = LaunchScreen;
				INFOPLIST_KEY_UIMainStoryboardFile = Main;
				INFOPLIST_KEY_UISupportedInterfaceOrientations_iPad = "UIInterfaceOrientationPortrait UIInterfaceOrientationPortraitUpsideDown UIInterfaceOrientationLandscapeLeft UIInterfaceOrientationLandscapeRight";
				INFOPLIST_KEY_UISupportedInterfaceOrientations_iPhone = "UIInterfaceOrientationPortrait UIInterfaceOrientationLandscapeLeft UIInterfaceOrientationLandscapeRight";
				LD_RUNPATH_SEARCH_PATHS = (
					"$(inherited)",
					"@executable_path/Frameworks",
				);
				MARKETING_VERSION = 1.0;
				PRODUCT_BUNDLE_IDENTIFIER = "com.chucky.FoursquareClone-Parse-";
				PRODUCT_NAME = "$(TARGET_NAME)";
				SWIFT_EMIT_LOC_STRINGS = YES;
				SWIFT_VERSION = 5.0;
				TARGETED_DEVICE_FAMILY = "1,2";
			};
			name = Debug;
		};
		23EA1BB92B5A00FC002B0046 /* Release */ = {
			isa = XCBuildConfiguration;
			baseConfigurationReference = 185AAA601E5E93AFED068050 /* Pods-FoursquareClone(Parse).release.xcconfig */;
			buildSettings = {
				ASSETCATALOG_COMPILER_APPICON_NAME = AppIcon;
				ASSETCATALOG_COMPILER_GLOBAL_ACCENT_COLOR_NAME = AccentColor;
				CODE_SIGN_STYLE = Automatic;
				CURRENT_PROJECT_VERSION = 1;
				DEVELOPMENT_TEAM = 3683BT2T9B;
				GENERATE_INFOPLIST_FILE = YES;
				INFOPLIST_FILE = "FoursquareClone(Parse)/Info.plist";
				INFOPLIST_KEY_UIApplicationSupportsIndirectInputEvents = YES;
				INFOPLIST_KEY_UILaunchStoryboardName = LaunchScreen;
				INFOPLIST_KEY_UIMainStoryboardFile = Main;
				INFOPLIST_KEY_UISupportedInterfaceOrientations_iPad = "UIInterfaceOrientationPortrait UIInterfaceOrientationPortraitUpsideDown UIInterfaceOrientationLandscapeLeft UIInterfaceOrientationLandscapeRight";
				INFOPLIST_KEY_UISupportedInterfaceOrientations_iPhone = "UIInterfaceOrientationPortrait UIInterfaceOrientationLandscapeLeft UIInterfaceOrientationLandscapeRight";
				LD_RUNPATH_SEARCH_PATHS = (
					"$(inherited)",
					"@executable_path/Frameworks",
				);
				MARKETING_VERSION = 1.0;
				PRODUCT_BUNDLE_IDENTIFIER = "com.chucky.FoursquareClone-Parse-";
				PRODUCT_NAME = "$(TARGET_NAME)";
				SWIFT_EMIT_LOC_STRINGS = YES;
				SWIFT_VERSION = 5.0;
				TARGETED_DEVICE_FAMILY = "1,2";
			};
			name = Release;
		};
/* End XCBuildConfiguration section */

/* Begin XCConfigurationList section */
		23EA1B9E2B5A00FA002B0046 /* Build configuration list for PBXProject "FoursquareClone(Parse)" */ = {
			isa = XCConfigurationList;
			buildConfigurations = (
				23EA1BB52B5A00FC002B0046 /* Debug */,
				23EA1BB62B5A00FC002B0046 /* Release */,
			);
			defaultConfigurationIsVisible = 0;
			defaultConfigurationName = Release;
		};
		23EA1BB72B5A00FC002B0046 /* Build configuration list for PBXNativeTarget "FoursquareClone(Parse)" */ = {
			isa = XCConfigurationList;
			buildConfigurations = (
				23EA1BB82B5A00FC002B0046 /* Debug */,
				23EA1BB92B5A00FC002B0046 /* Release */,
			);
			defaultConfigurationIsVisible = 0;
			defaultConfigurationName = Release;
		};
/* End XCConfigurationList section */
	};
	rootObject = 23EA1B9B2B5A00FA002B0046 /* Project object */;
}
